
Microsoft Visual Studio Solution File, Format Version 12.00
# Visual Studio for Mac
Project("{FAE04EC0-301F-11D3-BF4B-00C04F79EFBC}") = "LevelDesign.Plugins", "LevelDesign.Plugins.csproj", "{0DE5B1B9-AF90-7FF6-4509-627C1B6CF08F}"
EndProject
Project("{FAE04EC0-301F-11D3-BF4B-00C04F79EFBC}") = "LevelDesign", "LevelDesign.csproj", "{E6F80E00-93B9-3FF7-82C7-D5CCB98DE1C0}"
EndProject
Project("{FAE04EC0-301F-11D3-BF4B-00C04F79EFBC}") = "LevelDesign.Editor.Plugins", "LevelDesign.Editor.Plugins.csproj", "{8F124ED9-38AA-3CA6-B59E-C1FF0E45EEB4}"
EndProject
Project("{FAE04EC0-301F-11D3-BF4B-00C04F79EFBC}") = "LevelDesign.Editor", "LevelDesign.Editor.csproj", "{63548A7D-B537-1EBB-A2E7-B89277AD1AA5}"
EndProject
Global
	GlobalSection(SolutionConfigurationPlatforms) = preSolution
		Debug|Any CPU = Debug|Any CPU
		Release|Any CPU = Release|Any CPU
	EndGlobalSection
	GlobalSection(ProjectConfigurationPlatforms) = postSolution
		{0DE5B1B9-AF90-7FF6-4509-627C1B6CF08F}.Debug|Any CPU.ActiveCfg = Debug|Any CPU
		{0DE5B1B9-AF90-7FF6-4509-627C1B6CF08F}.Debug|Any CPU.Build.0 = Debug|Any CPU
		{0DE5B1B9-AF90-7FF6-4509-627C1B6CF08F}.Release|Any CPU.ActiveCfg = Release|Any CPU
		{0DE5B1B9-AF90-7FF6-4509-627C1B6CF08F}.Release|Any CPU.Build.0 = Release|Any CPU
		{E6F80E00-93B9-3FF7-82C7-D5CCB98DE1C0}.Debug|Any CPU.ActiveCfg = Debug|Any CPU
		{E6F80E00-93B9-3FF7-82C7-D5CCB98DE1C0}.Debug|Any CPU.Build.0 = Debug|Any CPU
		{E6F80E00-93B9-3FF7-82C7-D5CCB98DE1C0}.Release|Any CPU.ActiveCfg = Release|Any CPU
		{E6F80E00-93B9-3FF7-82C7-D5CCB98DE1C0}.Release|Any CPU.Build.0 = Release|Any CPU
		{8F124ED9-38AA-3CA6-B59E-C1FF0E45EEB4}.Debug|Any CPU.ActiveCfg = Debug|Any CPU
		{8F124ED9-38AA-3CA6-B59E-C1FF0E45EEB4}.Debug|Any CPU.Build.0 = Debug|Any CPU
		{8F124ED9-38AA-3CA6-B59E-C1FF0E45EEB4}.Release|Any CPU.ActiveCfg = Release|Any CPU
		{8F124ED9-38AA-3CA6-B59E-C1FF0E45EEB4}.Release|Any CPU.Build.0 = Release|Any CPU
		{63548A7D-B537-1EBB-A2E7-B89277AD1AA5}.Debug|Any CPU.ActiveCfg = Debug|Any CPU
		{63548A7D-B537-1EBB-A2E7-B89277AD1AA5}.Debug|Any CPU.Build.0 = Debug|Any CPU
		{63548A7D-B537-1EBB-A2E7-B89277AD1AA5}.Release|Any CPU.ActiveCfg = Release|Any CPU
		{63548A7D-B537-1EBB-A2E7-B89277AD1AA5}.Release|Any CPU.Build.0 = Release|Any CPU
	EndGlobalSection
	GlobalSection(SolutionProperties) = preSolution
		HideSolutionNode = FALSE
	EndGlobalSection
EndGlobal
